{
  "version": 4,
  "terraform_version": "1.5.3",
  "serial": 11,
  "lineage": "16e974cf-c21b-1d67-a23c-736bf58a2ad2",
  "outputs": {},
  "resources": [
    {
      "module": "module.network-security-group[\"nsg1\"]",
      "mode": "managed",
      "type": "azurerm_network_security_group",
      "name": "dazhar-nsg1",
      "provider": "provider[\"registry.terraform.io/hashicorp/azurerm\"]",
      "instances": [
        {
          "schema_version": 0,
          "attributes": {
            "id": "/subscriptions/a3037bba-6825-406b-9289-2d507a425108/resourceGroups/prod-dazhar/providers/Microsoft.Network/networkSecurityGroups/dazhar-nsg1",
            "location": "eastus2",
            "name": "dazhar-nsg1",
            "resource_group_name": "prod-dazhar",
            "security_rule": [
              {
                "access": "Allow",
                "description": "",
                "destination_address_prefix": "*",
                "destination_address_prefixes": [],
                "destination_application_security_group_ids": [],
                "destination_port_range": "*",
                "destination_port_ranges": [],
                "direction": "Inbound",
                "name": "test123",
                "priority": 100,
                "protocol": "Tcp",
                "source_address_prefix": "*",
                "source_address_prefixes": [],
                "source_application_security_group_ids": [],
                "source_port_range": "*",
                "source_port_ranges": []
              }
            ],
            "tags": null,
            "timeouts": null
          },
          "sensitive_attributes": [],
          "private": "eyJlMmJmYjczMC1lY2FhLTExZTYtOGY4OC0zNDM2M2JjN2M0YzAiOnsiY3JlYXRlIjoxODAwMDAwMDAwMDAwLCJkZWxldGUiOjE4MDAwMDAwMDAwMDAsInJlYWQiOjMwMDAwMDAwMDAwMCwidXBkYXRlIjoxODAwMDAwMDAwMDAwfX0=",
          "dependencies": [
            "module.rggroup.azurerm_resource_group.dazhar-rg"
          ]
        }
      ]
    },
    {
      "module": "module.network-security-group[\"nsg2\"]",
      "mode": "managed",
      "type": "azurerm_network_security_group",
      "name": "dazhar-nsg1",
      "provider": "provider[\"registry.terraform.io/hashicorp/azurerm\"]",
      "instances": [
        {
          "schema_version": 0,
          "attributes": {
            "id": "/subscriptions/a3037bba-6825-406b-9289-2d507a425108/resourceGroups/prod-dazhar/providers/Microsoft.Network/networkSecurityGroups/dazhar-nsg2",
            "location": "eastus2",
            "name": "dazhar-nsg2",
            "resource_group_name": "prod-dazhar",
            "security_rule": [
              {
                "access": "Allow",
                "description": "",
                "destination_address_prefix": "*",
                "destination_address_prefixes": [],
                "destination_application_security_group_ids": [],
                "destination_port_range": "*",
                "destination_port_ranges": [],
                "direction": "Inbound",
                "name": "test12",
                "priority": 100,
                "protocol": "Tcp",
                "source_address_prefix": "*",
                "source_address_prefixes": [],
                "source_application_security_group_ids": [],
                "source_port_range": "*",
                "source_port_ranges": []
              }
            ],
            "tags": null,
            "timeouts": null
          },
          "sensitive_attributes": [],
          "private": "eyJlMmJmYjczMC1lY2FhLTExZTYtOGY4OC0zNDM2M2JjN2M0YzAiOnsiY3JlYXRlIjoxODAwMDAwMDAwMDAwLCJkZWxldGUiOjE4MDAwMDAwMDAwMDAsInJlYWQiOjMwMDAwMDAwMDAwMCwidXBkYXRlIjoxODAwMDAwMDAwMDAwfX0=",
          "dependencies": [
            "module.rggroup.azurerm_resource_group.dazhar-rg"
          ]
        }
      ]
    },
    {
      "module": "module.rggroup",
      "mode": "managed",
      "type": "azurerm_resource_group",
      "name": "dazhar-rg",
      "provider": "provider[\"registry.terraform.io/hashicorp/azurerm\"]",
      "instances": [
        {
          "schema_version": 0,
          "attributes": {
            "id": "/subscriptions/a3037bba-6825-406b-9289-2d507a425108/resourceGroups/prod-dazhar",
            "location": "eastus2",
            "managed_by": "",
            "name": "prod-dazhar",
            "tags": null,
            "timeouts": null
          },
          "sensitive_attributes": [],
          "private": "eyJlMmJmYjczMC1lY2FhLTExZTYtOGY4OC0zNDM2M2JjN2M0YzAiOnsiY3JlYXRlIjo1NDAwMDAwMDAwMDAwLCJkZWxldGUiOjU0MDAwMDAwMDAwMDAsInJlYWQiOjMwMDAwMDAwMDAwMCwidXBkYXRlIjo1NDAwMDAwMDAwMDAwfX0="
        }
      ]
    },
    {
      "module": "module.storageaccount[\"staccount1\"]",
      "mode": "managed",
      "type": "azurerm_storage_account",
      "name": "dazharstorage",
      "provider": "provider[\"registry.terraform.io/hashicorp/azurerm\"]",
      "instances": [
        {
          "schema_version": 3,
          "attributes": {
            "access_tier": "Hot",
            "account_kind": "StorageV2",
            "account_replication_type": "LRS",
            "account_tier": "Premium",
            "allow_nested_items_to_be_public": true,
            "allowed_copy_scope": "",
            "azure_files_authentication": [],
            "blob_properties": [
              {
                "change_feed_enabled": false,
                "change_feed_retention_in_days": 0,
                "container_delete_retention_policy": [],
                "cors_rule": [],
                "default_service_version": "",
                "delete_retention_policy": [],
                "last_access_time_enabled": false,
                "restore_policy": [],
                "versioning_enabled": false
              }
            ],
            "cross_tenant_replication_enabled": true,
            "custom_domain": [],
            "customer_managed_key": [],
            "default_to_oauth_authentication": true,
            "edge_zone": "",
            "enable_https_traffic_only": false,
            "id": "/subscriptions/a3037bba-6825-406b-9289-2d507a425108/resourceGroups/prod-dazhar/providers/Microsoft.Storage/storageAccounts/proddazharstorage1",
            "identity": [],
            "immutability_policy": [],
            "infrastructure_encryption_enabled": false,
            "is_hns_enabled": false,
            "large_file_share_enabled": null,
            "location": "eastus2",
            "min_tls_version": "TLS1_2",
            "name": "proddazharstorage1",
            "network_rules": [
              {
                "bypass": [
                  "AzureServices"
                ],
                "default_action": "Allow",
                "ip_rules": [],
                "private_link_access": [],
                "virtual_network_subnet_ids": []
              }
            ],
            "nfsv3_enabled": false,
            "primary_access_key": "2IlxeihBjVKsZ/Xp1Xw5Gzg6ENThxqETr3mBBXh+9BNnVXA0QHY4EVZFB+lYT74t4u0RSMEy399P+AStEOYjzw==",
            "primary_blob_connection_string": "DefaultEndpointsProtocol=https;BlobEndpoint=https://proddazharstorage1.blob.core.windows.net/;AccountName=proddazharstorage1;AccountKey=2IlxeihBjVKsZ/Xp1Xw5Gzg6ENThxqETr3mBBXh+9BNnVXA0QHY4EVZFB+lYT74t4u0RSMEy399P+AStEOYjzw==",
            "primary_blob_endpoint": "https://proddazharstorage1.blob.core.windows.net/",
            "primary_blob_host": "proddazharstorage1.blob.core.windows.net",
            "primary_connection_string": "DefaultEndpointsProtocol=https;AccountName=proddazharstorage1;AccountKey=2IlxeihBjVKsZ/Xp1Xw5Gzg6ENThxqETr3mBBXh+9BNnVXA0QHY4EVZFB+lYT74t4u0RSMEy399P+AStEOYjzw==;EndpointSuffix=core.windows.net",
            "primary_dfs_endpoint": "",
            "primary_dfs_host": "",
            "primary_file_endpoint": "",
            "primary_file_host": "",
            "primary_location": "eastus2",
            "primary_queue_endpoint": "",
            "primary_queue_host": "",
            "primary_table_endpoint": "",
            "primary_table_host": "",
            "primary_web_endpoint": "https://proddazharstorage1.z20.web.core.windows.net/",
            "primary_web_host": "proddazharstorage1.z20.web.core.windows.net",
            "public_network_access_enabled": true,
            "queue_encryption_key_type": "Service",
            "queue_properties": null,
            "resource_group_name": "prod-dazhar",
            "routing": [],
            "sas_policy": [],
            "secondary_access_key": "4iXn06/e+eRc47fCKmSMNw00Q91MF8gF7H+ASTplhj7QEl2tmHPeAe5SIXc73lXbWbD5CId4KPZl+AStffqi+g==",
            "secondary_blob_connection_string": "",
            "secondary_blob_endpoint": null,
            "secondary_blob_host": null,
            "secondary_connection_string": "DefaultEndpointsProtocol=https;AccountName=proddazharstorage1;AccountKey=4iXn06/e+eRc47fCKmSMNw00Q91MF8gF7H+ASTplhj7QEl2tmHPeAe5SIXc73lXbWbD5CId4KPZl+AStffqi+g==;EndpointSuffix=core.windows.net",
            "secondary_dfs_endpoint": null,
            "secondary_dfs_host": null,
            "secondary_file_endpoint": null,
            "secondary_file_host": null,
            "secondary_location": "",
            "secondary_queue_endpoint": null,
            "secondary_queue_host": null,
            "secondary_table_endpoint": null,
            "secondary_table_host": null,
            "secondary_web_endpoint": null,
            "secondary_web_host": null,
            "sftp_enabled": false,
            "share_properties": null,
            "shared_access_key_enabled": true,
            "static_website": [],
            "table_encryption_key_type": "Service",
            "tags": null,
            "timeouts": null
          },
          "sensitive_attributes": [],
          "private": "eyJlMmJmYjczMC1lY2FhLTExZTYtOGY4OC0zNDM2M2JjN2M0YzAiOnsiY3JlYXRlIjozNjAwMDAwMDAwMDAwLCJkZWxldGUiOjM2MDAwMDAwMDAwMDAsInJlYWQiOjMwMDAwMDAwMDAwMCwidXBkYXRlIjozNjAwMDAwMDAwMDAwfSwic2NoZW1hX3ZlcnNpb24iOiIzIn0=",
          "dependencies": [
            "module.rggroup.azurerm_resource_group.dazhar-rg"
          ]
        }
      ]
    },
    {
      "module": "module.storageaccount[\"staccount2\"]",
      "mode": "managed",
      "type": "azurerm_storage_account",
      "name": "dazharstorage",
      "provider": "provider[\"registry.terraform.io/hashicorp/azurerm\"]",
      "instances": [
        {
          "schema_version": 3,
          "attributes": {
            "access_tier": "Hot",
            "account_kind": "StorageV2",
            "account_replication_type": "LRS",
            "account_tier": "Premium",
            "allow_nested_items_to_be_public": true,
            "allowed_copy_scope": "",
            "azure_files_authentication": [],
            "blob_properties": [
              {
                "change_feed_enabled": false,
                "change_feed_retention_in_days": 0,
                "container_delete_retention_policy": [],
                "cors_rule": [],
                "default_service_version": "",
                "delete_retention_policy": [],
                "last_access_time_enabled": false,
                "restore_policy": [],
                "versioning_enabled": false
              }
            ],
            "cross_tenant_replication_enabled": true,
            "custom_domain": [],
            "customer_managed_key": [],
            "default_to_oauth_authentication": true,
            "edge_zone": "",
            "enable_https_traffic_only": false,
            "id": "/subscriptions/a3037bba-6825-406b-9289-2d507a425108/resourceGroups/prod-dazhar/providers/Microsoft.Storage/storageAccounts/proddazharstorage2",
            "identity": [],
            "immutability_policy": [],
            "infrastructure_encryption_enabled": false,
            "is_hns_enabled": false,
            "large_file_share_enabled": null,
            "location": "eastus2",
            "min_tls_version": "TLS1_2",
            "name": "proddazharstorage2",
            "network_rules": [
              {
                "bypass": [
                  "AzureServices"
                ],
                "default_action": "Allow",
                "ip_rules": [],
                "private_link_access": [],
                "virtual_network_subnet_ids": []
              }
            ],
            "nfsv3_enabled": false,
            "primary_access_key": "+BXEl3otV3nfsEplBccexM4QJPLhIpXahVfus1ogw+E+RaBiKox0pHephLsrL0ymkLka2Rzmdhnn+ASt6rOYSA==",
            "primary_blob_connection_string": "DefaultEndpointsProtocol=https;BlobEndpoint=https://proddazharstorage2.blob.core.windows.net/;AccountName=proddazharstorage2;AccountKey=+BXEl3otV3nfsEplBccexM4QJPLhIpXahVfus1ogw+E+RaBiKox0pHephLsrL0ymkLka2Rzmdhnn+ASt6rOYSA==",
            "primary_blob_endpoint": "https://proddazharstorage2.blob.core.windows.net/",
            "primary_blob_host": "proddazharstorage2.blob.core.windows.net",
            "primary_connection_string": "DefaultEndpointsProtocol=https;AccountName=proddazharstorage2;AccountKey=+BXEl3otV3nfsEplBccexM4QJPLhIpXahVfus1ogw+E+RaBiKox0pHephLsrL0ymkLka2Rzmdhnn+ASt6rOYSA==;EndpointSuffix=core.windows.net",
            "primary_dfs_endpoint": "",
            "primary_dfs_host": "",
            "primary_file_endpoint": "",
            "primary_file_host": "",
            "primary_location": "eastus2",
            "primary_queue_endpoint": "",
            "primary_queue_host": "",
            "primary_table_endpoint": "",
            "primary_table_host": "",
            "primary_web_endpoint": "https://proddazharstorage2.z20.web.core.windows.net/",
            "primary_web_host": "proddazharstorage2.z20.web.core.windows.net",
            "public_network_access_enabled": true,
            "queue_encryption_key_type": "Service",
            "queue_properties": null,
            "resource_group_name": "prod-dazhar",
            "routing": [],
            "sas_policy": [],
            "secondary_access_key": "cd9kajZoVJm6qgewjOeyqmvif+OarPB5exN9k1QwFaQiKdf9mvfQfDkfmguXZsrD9RyOT2dqAxtz+AStoG29DQ==",
            "secondary_blob_connection_string": "",
            "secondary_blob_endpoint": null,
            "secondary_blob_host": null,
            "secondary_connection_string": "DefaultEndpointsProtocol=https;AccountName=proddazharstorage2;AccountKey=cd9kajZoVJm6qgewjOeyqmvif+OarPB5exN9k1QwFaQiKdf9mvfQfDkfmguXZsrD9RyOT2dqAxtz+AStoG29DQ==;EndpointSuffix=core.windows.net",
            "secondary_dfs_endpoint": null,
            "secondary_dfs_host": null,
            "secondary_file_endpoint": null,
            "secondary_file_host": null,
            "secondary_location": "",
            "secondary_queue_endpoint": null,
            "secondary_queue_host": null,
            "secondary_table_endpoint": null,
            "secondary_table_host": null,
            "secondary_web_endpoint": null,
            "secondary_web_host": null,
            "sftp_enabled": false,
            "share_properties": null,
            "shared_access_key_enabled": true,
            "static_website": [],
            "table_encryption_key_type": "Service",
            "tags": null,
            "timeouts": null
          },
          "sensitive_attributes": [],
          "private": "eyJlMmJmYjczMC1lY2FhLTExZTYtOGY4OC0zNDM2M2JjN2M0YzAiOnsiY3JlYXRlIjozNjAwMDAwMDAwMDAwLCJkZWxldGUiOjM2MDAwMDAwMDAwMDAsInJlYWQiOjMwMDAwMDAwMDAwMCwidXBkYXRlIjozNjAwMDAwMDAwMDAwfSwic2NoZW1hX3ZlcnNpb24iOiIzIn0=",
          "dependencies": [
            "module.rggroup.azurerm_resource_group.dazhar-rg"
          ]
        }
      ]
    },
    {
      "module": "module.subnet[\"snet2\"]",
      "mode": "managed",
      "type": "azurerm_subnet",
      "name": "dazhar-subnet",
      "provider": "provider[\"registry.terraform.io/hashicorp/azurerm\"]",
      "instances": [
        {
          "schema_version": 0,
          "attributes": {
            "address_prefixes": [
              "10.1.0.0/29"
            ],
            "delegation": [],
            "enforce_private_link_endpoint_network_policies": false,
            "enforce_private_link_service_network_policies": true,
            "id": "/subscriptions/a3037bba-6825-406b-9289-2d507a425108/resourceGroups/prod-dazhar/providers/Microsoft.Network/virtualNetworks/dazhar-vn2/subnets/dazhar-subnet2",
            "name": "dazhar-subnet2",
            "private_endpoint_network_policies_enabled": true,
            "private_link_service_network_policies_enabled": false,
            "resource_group_name": "prod-dazhar",
            "service_endpoint_policy_ids": null,
            "service_endpoints": null,
            "timeouts": null,
            "virtual_network_name": "dazhar-vn2"
          },
          "sensitive_attributes": [],
          "private": "eyJlMmJmYjczMC1lY2FhLTExZTYtOGY4OC0zNDM2M2JjN2M0YzAiOnsiY3JlYXRlIjoxODAwMDAwMDAwMDAwLCJkZWxldGUiOjE4MDAwMDAwMDAwMDAsInJlYWQiOjMwMDAwMDAwMDAwMCwidXBkYXRlIjoxODAwMDAwMDAwMDAwfX0=",
          "dependencies": [
            "module.rggroup.azurerm_resource_group.dazhar-rg",
            "module.virtualnetwork.azurerm_virtual_network.dazhar-vn"
          ]
        }
      ]
    },
    {
      "module": "module.subnet[\"vn1-snet1\"]",
      "mode": "managed",
      "type": "azurerm_subnet",
      "name": "dazhar-subnet",
      "provider": "provider[\"registry.terraform.io/hashicorp/azurerm\"]",
      "instances": [
        {
          "schema_version": 0,
          "attributes": {
            "address_prefixes": [
              "10.0.0.0/29"
            ],
            "delegation": [],
            "enforce_private_link_endpoint_network_policies": false,
            "enforce_private_link_service_network_policies": true,
            "id": "/subscriptions/a3037bba-6825-406b-9289-2d507a425108/resourceGroups/prod-dazhar/providers/Microsoft.Network/virtualNetworks/dazhar-vn1/subnets/dazhar-subnet1",
            "name": "dazhar-subnet1",
            "private_endpoint_network_policies_enabled": true,
            "private_link_service_network_policies_enabled": false,
            "resource_group_name": "prod-dazhar",
            "service_endpoint_policy_ids": null,
            "service_endpoints": null,
            "timeouts": null,
            "virtual_network_name": "dazhar-vn1"
          },
          "sensitive_attributes": [],
          "private": "eyJlMmJmYjczMC1lY2FhLTExZTYtOGY4OC0zNDM2M2JjN2M0YzAiOnsiY3JlYXRlIjoxODAwMDAwMDAwMDAwLCJkZWxldGUiOjE4MDAwMDAwMDAwMDAsInJlYWQiOjMwMDAwMDAwMDAwMCwidXBkYXRlIjoxODAwMDAwMDAwMDAwfX0=",
          "dependencies": [
            "module.rggroup.azurerm_resource_group.dazhar-rg",
            "module.virtualnetwork.azurerm_virtual_network.dazhar-vn"
          ]
        }
      ]
    },
    {
      "module": "module.subnet[\"vn1-snet2\"]",
      "mode": "managed",
      "type": "azurerm_subnet",
      "name": "dazhar-subnet",
      "provider": "provider[\"registry.terraform.io/hashicorp/azurerm\"]",
      "instances": [
        {
          "schema_version": 0,
          "attributes": {
            "address_prefixes": [
              "10.0.0.8/29"
            ],
            "delegation": [],
            "enforce_private_link_endpoint_network_policies": false,
            "enforce_private_link_service_network_policies": true,
            "id": "/subscriptions/a3037bba-6825-406b-9289-2d507a425108/resourceGroups/prod-dazhar/providers/Microsoft.Network/virtualNetworks/dazhar-vn1/subnets/dazhar-subnet2",
            "name": "dazhar-subnet2",
            "private_endpoint_network_policies_enabled": true,
            "private_link_service_network_policies_enabled": false,
            "resource_group_name": "prod-dazhar",
            "service_endpoint_policy_ids": null,
            "service_endpoints": null,
            "timeouts": null,
            "virtual_network_name": "dazhar-vn1"
          },
          "sensitive_attributes": [],
          "private": "eyJlMmJmYjczMC1lY2FhLTExZTYtOGY4OC0zNDM2M2JjN2M0YzAiOnsiY3JlYXRlIjoxODAwMDAwMDAwMDAwLCJkZWxldGUiOjE4MDAwMDAwMDAwMDAsInJlYWQiOjMwMDAwMDAwMDAwMCwidXBkYXRlIjoxODAwMDAwMDAwMDAwfX0=",
          "dependencies": [
            "module.rggroup.azurerm_resource_group.dazhar-rg",
            "module.virtualnetwork.azurerm_virtual_network.dazhar-vn"
          ]
        }
      ]
    },
    {
      "module": "module.virtualnetwork[\"vnetwork1\"]",
      "mode": "managed",
      "type": "azurerm_virtual_network",
      "name": "dazhar-vn",
      "provider": "provider[\"registry.terraform.io/hashicorp/azurerm\"]",
      "instances": [
        {
          "schema_version": 0,
          "attributes": {
            "address_space": [
              "10.0.0.0/24"
            ],
            "bgp_community": "",
            "ddos_protection_plan": [],
            "dns_servers": [
              "10.0.0.4",
              "10.0.0.5"
            ],
            "edge_zone": "",
            "flow_timeout_in_minutes": 0,
            "guid": "4e6053e6-fbe2-43ad-907b-78a48b6a0335",
            "id": "/subscriptions/a3037bba-6825-406b-9289-2d507a425108/resourceGroups/prod-dazhar/providers/Microsoft.Network/virtualNetworks/dazhar-vn1",
            "location": "eastus2",
            "name": "dazhar-vn1",
            "resource_group_name": "prod-dazhar",
            "subnet": [],
            "tags": null,
            "timeouts": null
          },
          "sensitive_attributes": [],
          "private": "eyJlMmJmYjczMC1lY2FhLTExZTYtOGY4OC0zNDM2M2JjN2M0YzAiOnsiY3JlYXRlIjoxODAwMDAwMDAwMDAwLCJkZWxldGUiOjE4MDAwMDAwMDAwMDAsInJlYWQiOjMwMDAwMDAwMDAwMCwidXBkYXRlIjoxODAwMDAwMDAwMDAwfX0=",
          "dependencies": [
            "module.rggroup.azurerm_resource_group.dazhar-rg"
          ]
        }
      ]
    },
    {
      "module": "module.virtualnetwork[\"vnetwork2\"]",
      "mode": "managed",
      "type": "azurerm_virtual_network",
      "name": "dazhar-vn",
      "provider": "provider[\"registry.terraform.io/hashicorp/azurerm\"]",
      "instances": [
        {
          "schema_version": 0,
          "attributes": {
            "address_space": [
              "10.1.0.0/24"
            ],
            "bgp_community": "",
            "ddos_protection_plan": [],
            "dns_servers": [
              "10.0.0.6",
              "10.0.0.7"
            ],
            "edge_zone": "",
            "flow_timeout_in_minutes": 0,
            "guid": "e9bc5da9-5ba5-446f-bf37-b46515828f2f",
            "id": "/subscriptions/a3037bba-6825-406b-9289-2d507a425108/resourceGroups/prod-dazhar/providers/Microsoft.Network/virtualNetworks/dazhar-vn2",
            "location": "eastus2",
            "name": "dazhar-vn2",
            "resource_group_name": "prod-dazhar",
            "subnet": [],
            "tags": null,
            "timeouts": null
          },
          "sensitive_attributes": [],
          "private": "eyJlMmJmYjczMC1lY2FhLTExZTYtOGY4OC0zNDM2M2JjN2M0YzAiOnsiY3JlYXRlIjoxODAwMDAwMDAwMDAwLCJkZWxldGUiOjE4MDAwMDAwMDAwMDAsInJlYWQiOjMwMDAwMDAwMDAwMCwidXBkYXRlIjoxODAwMDAwMDAwMDAwfX0=",
          "dependencies": [
            "module.rggroup.azurerm_resource_group.dazhar-rg"
          ]
        }
      ]
    }
  ],
  "check_results": null
}
